
Microsoft Visual Studio Solution File, Format Version 12.00
Project("{FAE04EC0-301F-11D3-BF4B-00C04F79EFBC}") = "BankingInformatics.Frontend", "BankingInformatics.Frontend\BankingInformatics.Frontend.csproj", "{92291652-7301-4E4D-8765-D2A39074F90B}"
EndProject
Global
	GlobalSection(SolutionConfigurationPlatforms) = preSolution
		Debug|Any CPU = Debug|Any CPU
		Release|Any CPU = Release|Any CPU
	EndGlobalSection
	GlobalSection(ProjectConfigurationPlatforms) = postSolution
		{92291652-7301-4E4D-8765-D2A39074F90B}.Debug|Any CPU.ActiveCfg = Debug|Any CPU
		{92291652-7301-4E4D-8765-D2A39074F90B}.Debug|Any CPU.Build.0 = Debug|Any CPU
		{92291652-7301-4E4D-8765-D2A39074F90B}.Release|Any CPU.ActiveCfg = Release|Any CPU
		{92291652-7301-4E4D-8765-D2A39074F90B}.Release|Any CPU.Build.0 = Release|Any CPU
	EndGlobalSection
EndGlobal
